schema: '2.0'
stages:
  data_preprocessing:
    cmd: python src/data_preprocessing.py
    deps:
    - path: data/creditcard.csv
      hash: md5
      md5: e90efcb83d69faf99fcab8b0255024de
      size: 150828752
    - path: src/data_preprocessing.py
      hash: md5
      md5: 5df31b4e37b0c6bc9361bbe66e2ab4bf
      size: 3742
    outs:
    - path: data/model_data
      hash: md5
      md5: 574f79103cc342ac5761c6fee6ff0ca3.dir
      size: 158137868
      nfiles: 4
  model_training:
    cmd: python src/model_training.py
    deps:
    - path: data/model_data
      hash: md5
      md5: 574f79103cc342ac5761c6fee6ff0ca3.dir
      size: 158137868
      nfiles: 4
    - path: src/model_training.py
      hash: md5
      md5: 67f208c9e98fc766273c33d7be9da8a4
      size: 2989
    outs:
    - path: models/best_model.pickle
      hash: md5
      md5: 7eb3c04afa65a999742651ad54decc15
      size: 5089715
  evaluation:
    cmd: python src/evaluation.py
    deps:
    - path: data/model_data
      hash: md5
      md5: 574f79103cc342ac5761c6fee6ff0ca3.dir
      size: 158137868
      nfiles: 4
    - path: models/best_model.pickle
      hash: md5
      md5: 7eb3c04afa65a999742651ad54decc15
      size: 5089715
    - path: src/evaluation.py
      hash: md5
      md5: fed5910986152422297fdcd5e0a358d4
      size: 2305
    outs:
    - path: reports/metrics.json
      hash: md5
      md5: 4a436e6e47b32a62fd9fbda373c42a7e
      size: 209
  prediction:
    cmd: python src/prediction.py
    deps:
    - path: data/prediction_data/prediction.csv
      hash: md5
      md5: 178fa6168e33fc601276296f18155aa9
      size: 390
    - path: models/best_model.pickle
      hash: md5
      md5: 7eb3c04afa65a999742651ad54decc15
      size: 5089715
    outs:
    - path: reports/predictions_outcome.csv
      hash: md5
      md5: 811aec0f6aa0715175419569835248e0
      size: 31
